// !$*UTF8*$!
{
	archiveVersion = 1;
	classes = {
	};
	objectVersion = 56;
	objects = {

/* Begin PBXBuildFile section */
		8C2024FA2A1E31720069E7A5 /* DutchFlagSorting.swift in Sources */ = {isa = PBXBuildFile; fileRef = 8C2024F92A1E31720069E7A5 /* DutchFlagSorting.swift */; };
		8C259A702A1D036F003FC511 /* AppDelegate.swift in Sources */ = {isa = PBXBuildFile; fileRef = 8C259A6F2A1D036F003FC511 /* AppDelegate.swift */; };
		8C259A722A1D036F003FC511 /* SceneDelegate.swift in Sources */ = {isa = PBXBuildFile; fileRef = 8C259A712A1D036F003FC511 /* SceneDelegate.swift */; };
		8C259A742A1D036F003FC511 /* ViewController.swift in Sources */ = {isa = PBXBuildFile; fileRef = 8C259A732A1D036F003FC511 /* ViewController.swift */; };
		8C259A772A1D036F003FC511 /* Main.storyboard in Resources */ = {isa = PBXBuildFile; fileRef = 8C259A752A1D036F003FC511 /* Main.storyboard */; };
		8C259A792A1D0371003FC511 /* Assets.xcassets in Resources */ = {isa = PBXBuildFile; fileRef = 8C259A782A1D0371003FC511 /* Assets.xcassets */; };
		8C259A7C2A1D0371003FC511 /* LaunchScreen.storyboard in Resources */ = {isa = PBXBuildFile; fileRef = 8C259A7A2A1D0371003FC511 /* LaunchScreen.storyboard */; };
		8C259A872A1D0371003FC511 /* BB_taskTests.swift in Sources */ = {isa = PBXBuildFile; fileRef = 8C259A862A1D0371003FC511 /* BB_taskTests.swift */; };
		8C259A912A1D0371003FC511 /* BB_taskUITests.swift in Sources */ = {isa = PBXBuildFile; fileRef = 8C259A902A1D0371003FC511 /* BB_taskUITests.swift */; };
		8C259A932A1D0371003FC511 /* BB_taskUITestsLaunchTests.swift in Sources */ = {isa = PBXBuildFile; fileRef = 8C259A922A1D0371003FC511 /* BB_taskUITestsLaunchTests.swift */; };
		8C259AA12A1D06AC003FC511 /* NetworkService.swift in Sources */ = {isa = PBXBuildFile; fileRef = 8C259AA02A1D06AC003FC511 /* NetworkService.swift */; };
		8C2684B92A1E3BF100572003 /* TrieNode.swift in Sources */ = {isa = PBXBuildFile; fileRef = 8C2684B82A1E3BF100572003 /* TrieNode.swift */; };
		8C2684BB2A1E3C0C00572003 /* Trie.swift in Sources */ = {isa = PBXBuildFile; fileRef = 8C2684BA2A1E3C0C00572003 /* Trie.swift */; };
		8C2684BD2A1E3E9300572003 /* Searchable.swift in Sources */ = {isa = PBXBuildFile; fileRef = 8C2684BC2A1E3E9300572003 /* Searchable.swift */; };
		8C2684BF2A1E3F5100572003 /* TriePrefixSearching.swift in Sources */ = {isa = PBXBuildFile; fileRef = 8C2684BE2A1E3F5100572003 /* TriePrefixSearching.swift */; };
		8C2684C22A1E7B9100572003 /* SearchViewController.swift in Sources */ = {isa = PBXBuildFile; fileRef = 8C2684C12A1E7B9100572003 /* SearchViewController.swift */; };
		8C2684C42A1E7E2900572003 /* SearchViewController.storyboard in Resources */ = {isa = PBXBuildFile; fileRef = 8C2684C32A1E7E2900572003 /* SearchViewController.storyboard */; };
		8C2684CB2A1F831C00572003 /* CitiesListViewModel.swift in Sources */ = {isa = PBXBuildFile; fileRef = 8C2684CA2A1F831C00572003 /* CitiesListViewModel.swift */; };
		8C2684CD2A1F838C00572003 /* CitiesListItemViewModel.swift in Sources */ = {isa = PBXBuildFile; fileRef = 8C2684CC2A1F838C00572003 /* CitiesListItemViewModel.swift */; };
		8C2684D02A1F840000572003 /* Observable.swift in Sources */ = {isa = PBXBuildFile; fileRef = 8C2684CF2A1F840000572003 /* Observable.swift */; };
		8C60403F2A1D0DF500709D7F /* NetworkConfigurable.swift in Sources */ = {isa = PBXBuildFile; fileRef = 8C60403E2A1D0DF500709D7F /* NetworkConfigurable.swift */; };
		8C6040412A1D0FF000709D7F /* APIEndpoints.swift in Sources */ = {isa = PBXBuildFile; fileRef = 8C6040402A1D0FF000709D7F /* APIEndpoints.swift */; };
		8C6040432A1D104A00709D7F /* Endpoint.swift in Sources */ = {isa = PBXBuildFile; fileRef = 8C6040422A1D104A00709D7F /* Endpoint.swift */; };
		8C6040482A1D195400709D7F /* CityResponse.swift in Sources */ = {isa = PBXBuildFile; fileRef = 8C6040472A1D195400709D7F /* CityResponse.swift */; };
		8C60404A2A1DF8E000709D7F /* ResponseDecoder.swift in Sources */ = {isa = PBXBuildFile; fileRef = 8C6040492A1DF8E000709D7F /* ResponseDecoder.swift */; };
		8C60404D2A1DFEF100709D7F /* AppConfiguration.swift in Sources */ = {isa = PBXBuildFile; fileRef = 8C60404C2A1DFEF100709D7F /* AppConfiguration.swift */; };
		8C6040522A1E258500709D7F /* Sortable.swift in Sources */ = {isa = PBXBuildFile; fileRef = 8C6040512A1E258500709D7F /* Sortable.swift */; };
/* End PBXBuildFile section */

/* Begin PBXContainerItemProxy section */
		8C259A832A1D0371003FC511 /* PBXContainerItemProxy */ = {
			isa = PBXContainerItemProxy;
			containerPortal = 8C259A642A1D036F003FC511 /* Project object */;
			proxyType = 1;
			remoteGlobalIDString = 8C259A6B2A1D036F003FC511;
			remoteInfo = "BB-task";
		};
		8C259A8D2A1D0371003FC511 /* PBXContainerItemProxy */ = {
			isa = PBXContainerItemProxy;
			containerPortal = 8C259A642A1D036F003FC511 /* Project object */;
			proxyType = 1;
			remoteGlobalIDString = 8C259A6B2A1D036F003FC511;
			remoteInfo = "BB-task";
		};
/* End PBXContainerItemProxy section */

/* Begin PBXFileReference section */
		8C2024F92A1E31720069E7A5 /* DutchFlagSorting.swift */ = {isa = PBXFileReference; lastKnownFileType = sourcecode.swift; path = DutchFlagSorting.swift; sourceTree = "<group>"; };
		8C259A6C2A1D036F003FC511 /* BB-task.app */ = {isa = PBXFileReference; explicitFileType = wrapper.application; includeInIndex = 0; path = "BB-task.app"; sourceTree = BUILT_PRODUCTS_DIR; };
		8C259A6F2A1D036F003FC511 /* AppDelegate.swift */ = {isa = PBXFileReference; lastKnownFileType = sourcecode.swift; path = AppDelegate.swift; sourceTree = "<group>"; };
		8C259A712A1D036F003FC511 /* SceneDelegate.swift */ = {isa = PBXFileReference; lastKnownFileType = sourcecode.swift; path = SceneDelegate.swift; sourceTree = "<group>"; };
		8C259A732A1D036F003FC511 /* ViewController.swift */ = {isa = PBXFileReference; lastKnownFileType = sourcecode.swift; path = ViewController.swift; sourceTree = "<group>"; };
		8C259A762A1D036F003FC511 /* Base */ = {isa = PBXFileReference; lastKnownFileType = file.storyboard; name = Base; path = Base.lproj/Main.storyboard; sourceTree = "<group>"; };
		8C259A782A1D0371003FC511 /* Assets.xcassets */ = {isa = PBXFileReference; lastKnownFileType = folder.assetcatalog; path = Assets.xcassets; sourceTree = "<group>"; };
		8C259A7B2A1D0371003FC511 /* Base */ = {isa = PBXFileReference; lastKnownFileType = file.storyboard; name = Base; path = Base.lproj/LaunchScreen.storyboard; sourceTree = "<group>"; };
		8C259A7D2A1D0371003FC511 /* Info.plist */ = {isa = PBXFileReference; lastKnownFileType = text.plist.xml; path = Info.plist; sourceTree = "<group>"; };
		8C259A822A1D0371003FC511 /* BB-taskTests.xctest */ = {isa = PBXFileReference; explicitFileType = wrapper.cfbundle; includeInIndex = 0; path = "BB-taskTests.xctest"; sourceTree = BUILT_PRODUCTS_DIR; };
		8C259A862A1D0371003FC511 /* BB_taskTests.swift */ = {isa = PBXFileReference; lastKnownFileType = sourcecode.swift; path = BB_taskTests.swift; sourceTree = "<group>"; };
		8C259A8C2A1D0371003FC511 /* BB-taskUITests.xctest */ = {isa = PBXFileReference; explicitFileType = wrapper.cfbundle; includeInIndex = 0; path = "BB-taskUITests.xctest"; sourceTree = BUILT_PRODUCTS_DIR; };
		8C259A902A1D0371003FC511 /* BB_taskUITests.swift */ = {isa = PBXFileReference; lastKnownFileType = sourcecode.swift; path = BB_taskUITests.swift; sourceTree = "<group>"; };
		8C259A922A1D0371003FC511 /* BB_taskUITestsLaunchTests.swift */ = {isa = PBXFileReference; lastKnownFileType = sourcecode.swift; path = BB_taskUITestsLaunchTests.swift; sourceTree = "<group>"; };
		8C259AA02A1D06AC003FC511 /* NetworkService.swift */ = {isa = PBXFileReference; lastKnownFileType = sourcecode.swift; path = NetworkService.swift; sourceTree = "<group>"; };
		8C2684B82A1E3BF100572003 /* TrieNode.swift */ = {isa = PBXFileReference; lastKnownFileType = sourcecode.swift; path = TrieNode.swift; sourceTree = "<group>"; };
		8C2684BA2A1E3C0C00572003 /* Trie.swift */ = {isa = PBXFileReference; lastKnownFileType = sourcecode.swift; path = Trie.swift; sourceTree = "<group>"; };
		8C2684BC2A1E3E9300572003 /* Searchable.swift */ = {isa = PBXFileReference; lastKnownFileType = sourcecode.swift; path = Searchable.swift; sourceTree = "<group>"; };
		8C2684BE2A1E3F5100572003 /* TriePrefixSearching.swift */ = {isa = PBXFileReference; lastKnownFileType = sourcecode.swift; path = TriePrefixSearching.swift; sourceTree = "<group>"; };
		8C2684C12A1E7B9100572003 /* SearchViewController.swift */ = {isa = PBXFileReference; lastKnownFileType = sourcecode.swift; path = SearchViewController.swift; sourceTree = "<group>"; };
		8C2684C32A1E7E2900572003 /* SearchViewController.storyboard */ = {isa = PBXFileReference; lastKnownFileType = file.storyboard; path = SearchViewController.storyboard; sourceTree = "<group>"; };
		8C2684CA2A1F831C00572003 /* CitiesListViewModel.swift */ = {isa = PBXFileReference; lastKnownFileType = sourcecode.swift; path = CitiesListViewModel.swift; sourceTree = "<group>"; };
		8C2684CC2A1F838C00572003 /* CitiesListItemViewModel.swift */ = {isa = PBXFileReference; lastKnownFileType = sourcecode.swift; path = CitiesListItemViewModel.swift; sourceTree = "<group>"; };
		8C2684CF2A1F840000572003 /* Observable.swift */ = {isa = PBXFileReference; lastKnownFileType = sourcecode.swift; path = Observable.swift; sourceTree = "<group>"; };
		8C60403E2A1D0DF500709D7F /* NetworkConfigurable.swift */ = {isa = PBXFileReference; lastKnownFileType = sourcecode.swift; path = NetworkConfigurable.swift; sourceTree = "<group>"; };
		8C6040402A1D0FF000709D7F /* APIEndpoints.swift */ = {isa = PBXFileReference; lastKnownFileType = sourcecode.swift; path = APIEndpoints.swift; sourceTree = "<group>"; };
		8C6040422A1D104A00709D7F /* Endpoint.swift */ = {isa = PBXFileReference; lastKnownFileType = sourcecode.swift; path = Endpoint.swift; sourceTree = "<group>"; };
		8C6040472A1D195400709D7F /* CityResponse.swift */ = {isa = PBXFileReference; lastKnownFileType = sourcecode.swift; path = CityResponse.swift; sourceTree = "<group>"; };
		8C6040492A1DF8E000709D7F /* ResponseDecoder.swift */ = {isa = PBXFileReference; lastKnownFileType = sourcecode.swift; path = ResponseDecoder.swift; sourceTree = "<group>"; };
		8C60404C2A1DFEF100709D7F /* AppConfiguration.swift */ = {isa = PBXFileReference; lastKnownFileType = sourcecode.swift; path = AppConfiguration.swift; sourceTree = "<group>"; };
		8C6040512A1E258500709D7F /* Sortable.swift */ = {isa = PBXFileReference; lastKnownFileType = sourcecode.swift; path = Sortable.swift; sourceTree = "<group>"; };
/* End PBXFileReference section */

/* Begin PBXFrameworksBuildPhase section */
		8C259A692A1D036F003FC511 /* Frameworks */ = {
			isa = PBXFrameworksBuildPhase;
			buildActionMask = 2147483647;
			files = (
			);
			runOnlyForDeploymentPostprocessing = 0;
		};
		8C259A7F2A1D0371003FC511 /* Frameworks */ = {
			isa = PBXFrameworksBuildPhase;
			buildActionMask = 2147483647;
			files = (
			);
			runOnlyForDeploymentPostprocessing = 0;
		};
		8C259A892A1D0371003FC511 /* Frameworks */ = {
			isa = PBXFrameworksBuildPhase;
			buildActionMask = 2147483647;
			files = (
			);
			runOnlyForDeploymentPostprocessing = 0;
		};
/* End PBXFrameworksBuildPhase section */

/* Begin PBXGroup section */
		8C259A632A1D036F003FC511 = {
			isa = PBXGroup;
			children = (
				8C259A6E2A1D036F003FC511 /* BB-task */,
				8C259A852A1D0371003FC511 /* BB-taskTests */,
				8C259A8F2A1D0371003FC511 /* BB-taskUITests */,
				8C259A6D2A1D036F003FC511 /* Products */,
			);
			sourceTree = "<group>";
		};
		8C259A6D2A1D036F003FC511 /* Products */ = {
			isa = PBXGroup;
			children = (
				8C259A6C2A1D036F003FC511 /* BB-task.app */,
				8C259A822A1D0371003FC511 /* BB-taskTests.xctest */,
				8C259A8C2A1D0371003FC511 /* BB-taskUITests.xctest */,
			);
			name = Products;
			sourceTree = "<group>";
		};
		8C259A6E2A1D036F003FC511 /* BB-task */ = {
			isa = PBXGroup;
			children = (
				8C2684CE2A1F83F200572003 /* Utilities */,
				8C2684C02A1E7B7300572003 /* Presentation */,
				8C60404B2A1DFECA00709D7F /* Application */,
				8C6040462A1D194200709D7F /* Models */,
				8C259A9F2A1D069B003FC511 /* Services */,
				8C259A6F2A1D036F003FC511 /* AppDelegate.swift */,
				8C259A712A1D036F003FC511 /* SceneDelegate.swift */,
				8C259A732A1D036F003FC511 /* ViewController.swift */,
				8C259A752A1D036F003FC511 /* Main.storyboard */,
				8C259A782A1D0371003FC511 /* Assets.xcassets */,
				8C259A7A2A1D0371003FC511 /* LaunchScreen.storyboard */,
				8C259A7D2A1D0371003FC511 /* Info.plist */,
			);
			path = "BB-task";
			sourceTree = "<group>";
		};
		8C259A852A1D0371003FC511 /* BB-taskTests */ = {
			isa = PBXGroup;
			children = (
				8C259A862A1D0371003FC511 /* BB_taskTests.swift */,
			);
			path = "BB-taskTests";
			sourceTree = "<group>";
		};
		8C259A8F2A1D0371003FC511 /* BB-taskUITests */ = {
			isa = PBXGroup;
			children = (
				8C259A902A1D0371003FC511 /* BB_taskUITests.swift */,
				8C259A922A1D0371003FC511 /* BB_taskUITestsLaunchTests.swift */,
			);
			path = "BB-taskUITests";
			sourceTree = "<group>";
		};
		8C259A9F2A1D069B003FC511 /* Services */ = {
			isa = PBXGroup;
			children = (
				8C2684B62A1E3B5B00572003 /* SearchingService */,
				8C60404E2A1E1FEA00709D7F /* SortingService */,
				8C259AA02A1D06AC003FC511 /* NetworkService.swift */,
				8C60403E2A1D0DF500709D7F /* NetworkConfigurable.swift */,
				8C6040402A1D0FF000709D7F /* APIEndpoints.swift */,
				8C6040422A1D104A00709D7F /* Endpoint.swift */,
				8C6040492A1DF8E000709D7F /* ResponseDecoder.swift */,
			);
			path = Services;
			sourceTree = "<group>";
		};
		8C2684B62A1E3B5B00572003 /* SearchingService */ = {
			isa = PBXGroup;
			children = (
				8C2684B72A1E3BDF00572003 /* Trie */,
				8C2684BC2A1E3E9300572003 /* Searchable.swift */,
				8C2684BE2A1E3F5100572003 /* TriePrefixSearching.swift */,
			);
			path = SearchingService;
			sourceTree = "<group>";
		};
		8C2684B72A1E3BDF00572003 /* Trie */ = {
			isa = PBXGroup;
			children = (
				8C2684B82A1E3BF100572003 /* TrieNode.swift */,
				8C2684BA2A1E3C0C00572003 /* Trie.swift */,
			);
			path = Trie;
			sourceTree = "<group>";
		};
		8C2684C02A1E7B7300572003 /* Presentation */ = {
			isa = PBXGroup;
			children = (
				8C2684C72A1F82A400572003 /* CitiesList */,
			);
			path = Presentation;
			sourceTree = "<group>";
		};
		8C2684C72A1F82A400572003 /* CitiesList */ = {
			isa = PBXGroup;
			children = (
				8C2684C92A1F82BF00572003 /* ViewModel */,
				8C2684C82A1F82AE00572003 /* View */,
			);
			path = CitiesList;
			sourceTree = "<group>";
		};
		8C2684C82A1F82AE00572003 /* View */ = {
			isa = PBXGroup;
			children = (
				8C2684C12A1E7B9100572003 /* SearchViewController.swift */,
				8C2684C32A1E7E2900572003 /* SearchViewController.storyboard */,
			);
			path = View;
			sourceTree = "<group>";
		};
		8C2684C92A1F82BF00572003 /* ViewModel */ = {
			isa = PBXGroup;
			children = (
				8C2684CA2A1F831C00572003 /* CitiesListViewModel.swift */,
				8C2684CC2A1F838C00572003 /* CitiesListItemViewModel.swift */,
			);
			path = ViewModel;
			sourceTree = "<group>";
		};
		8C2684CE2A1F83F200572003 /* Utilities */ = {
			isa = PBXGroup;
			children = (
				8C2684CF2A1F840000572003 /* Observable.swift */,
			);
			path = Utilities;
			sourceTree = "<group>";
		};
		8C6040462A1D194200709D7F /* Models */ = {
			isa = PBXGroup;
			children = (
				8C6040472A1D195400709D7F /* CityResponse.swift */,
			);
			path = Models;
			sourceTree = "<group>";
		};
		8C60404B2A1DFECA00709D7F /* Application */ = {
			isa = PBXGroup;
			children = (
				8C60404C2A1DFEF100709D7F /* AppConfiguration.swift */,
			);
			path = Application;
			sourceTree = "<group>";
		};
		8C60404E2A1E1FEA00709D7F /* SortingService */ = {
			isa = PBXGroup;
			children = (
				8C6040512A1E258500709D7F /* Sortable.swift */,
				8C2024F92A1E31720069E7A5 /* DutchFlagSorting.swift */,
			);
			path = SortingService;
			sourceTree = "<group>";
		};
/* End PBXGroup section */

/* Begin PBXNativeTarget section */
		8C259A6B2A1D036F003FC511 /* BB-task */ = {
			isa = PBXNativeTarget;
			buildConfigurationList = 8C259A962A1D0371003FC511 /* Build configuration list for PBXNativeTarget "BB-task" */;
			buildPhases = (
				8C259A682A1D036F003FC511 /* Sources */,
				8C259A692A1D036F003FC511 /* Frameworks */,
				8C259A6A2A1D036F003FC511 /* Resources */,
			);
			buildRules = (
			);
			dependencies = (
			);
			name = "BB-task";
			productName = "BB-task";
			productReference = 8C259A6C2A1D036F003FC511 /* BB-task.app */;
			productType = "com.apple.product-type.application";
		};
		8C259A812A1D0371003FC511 /* BB-taskTests */ = {
			isa = PBXNativeTarget;
			buildConfigurationList = 8C259A992A1D0371003FC511 /* Build configuration list for PBXNativeTarget "BB-taskTests" */;
			buildPhases = (
				8C259A7E2A1D0371003FC511 /* Sources */,
				8C259A7F2A1D0371003FC511 /* Frameworks */,
				8C259A802A1D0371003FC511 /* Resources */,
			);
			buildRules = (
			);
			dependencies = (
				8C259A842A1D0371003FC511 /* PBXTargetDependency */,
			);
			name = "BB-taskTests";
			productName = "BB-taskTests";
			productReference = 8C259A822A1D0371003FC511 /* BB-taskTests.xctest */;
			productType = "com.apple.product-type.bundle.unit-test";
		};
		8C259A8B2A1D0371003FC511 /* BB-taskUITests */ = {
			isa = PBXNativeTarget;
			buildConfigurationList = 8C259A9C2A1D0371003FC511 /* Build configuration list for PBXNativeTarget "BB-taskUITests" */;
			buildPhases = (
				8C259A882A1D0371003FC511 /* Sources */,
				8C259A892A1D0371003FC511 /* Frameworks */,
				8C259A8A2A1D0371003FC511 /* Resources */,
			);
			buildRules = (
			);
			dependencies = (
				8C259A8E2A1D0371003FC511 /* PBXTargetDependency */,
			);
			name = "BB-taskUITests";
			productName = "BB-taskUITests";
			productReference = 8C259A8C2A1D0371003FC511 /* BB-taskUITests.xctest */;
			productType = "com.apple.product-type.bundle.ui-testing";
		};
/* End PBXNativeTarget section */

/* Begin PBXProject section */
		8C259A642A1D036F003FC511 /* Project object */ = {
			isa = PBXProject;
			attributes = {
				BuildIndependentTargetsInParallel = 1;
				LastSwiftUpdateCheck = 1420;
				LastUpgradeCheck = 1420;
				TargetAttributes = {
					8C259A6B2A1D036F003FC511 = {
						CreatedOnToolsVersion = 14.2;
					};
					8C259A812A1D0371003FC511 = {
						CreatedOnToolsVersion = 14.2;
						TestTargetID = 8C259A6B2A1D036F003FC511;
					};
					8C259A8B2A1D0371003FC511 = {
						CreatedOnToolsVersion = 14.2;
						TestTargetID = 8C259A6B2A1D036F003FC511;
					};
				};
			};
			buildConfigurationList = 8C259A672A1D036F003FC511 /* Build configuration list for PBXProject "BB-task" */;
			compatibilityVersion = "Xcode 14.0";
			developmentRegion = en;
			hasScannedForEncodings = 0;
			knownRegions = (
				en,
				Base,
			);
			mainGroup = 8C259A632A1D036F003FC511;
			productRefGroup = 8C259A6D2A1D036F003FC511 /* Products */;
			projectDirPath = "";
			projectRoot = "";
			targets = (
				8C259A6B2A1D036F003FC511 /* BB-task */,
				8C259A812A1D0371003FC511 /* BB-taskTests */,
				8C259A8B2A1D0371003FC511 /* BB-taskUITests */,
			);
		};
/* End PBXProject section */

/* Begin PBXResourcesBuildPhase section */
		8C259A6A2A1D036F003FC511 /* Resources */ = {
			isa = PBXResourcesBuildPhase;
			buildActionMask = 2147483647;
			files = (
				8C259A7C2A1D0371003FC511 /* LaunchScreen.storyboard in Resources */,
				8C259A792A1D0371003FC511 /* Assets.xcassets in Resources */,
				8C259A772A1D036F003FC511 /* Main.storyboard in Resources */,
				8C2684C42A1E7E2900572003 /* SearchViewController.storyboard in Resources */,
			);
			runOnlyForDeploymentPostprocessing = 0;
		};
		8C259A802A1D0371003FC511 /* Resources */ = {
			isa = PBXResourcesBuildPhase;
			buildActionMask = 2147483647;
			files = (
			);
			runOnlyForDeploymentPostprocessing = 0;
		};
		8C259A8A2A1D0371003FC511 /* Resources */ = {
			isa = PBXResourcesBuildPhase;
			buildActionMask = 2147483647;
			files = (
			);
			runOnlyForDeploymentPostprocessing = 0;
		};
/* End PBXResourcesBuildPhase section */

/* Begin PBXSourcesBuildPhase section */
		8C259A682A1D036F003FC511 /* Sources */ = {
			isa = PBXSourcesBuildPhase;
			buildActionMask = 2147483647;
			files = (
				8C6040522A1E258500709D7F /* Sortable.swift in Sources */,
				8C6040432A1D104A00709D7F /* Endpoint.swift in Sources */,
				8C259A742A1D036F003FC511 /* ViewController.swift in Sources */,
				8C2684C22A1E7B9100572003 /* SearchViewController.swift in Sources */,
				8C2684BB2A1E3C0C00572003 /* Trie.swift in Sources */,
				8C2684BD2A1E3E9300572003 /* Searchable.swift in Sources */,
				8C259A702A1D036F003FC511 /* AppDelegate.swift in Sources */,
				8C2024FA2A1E31720069E7A5 /* DutchFlagSorting.swift in Sources */,
				8C259AA12A1D06AC003FC511 /* NetworkService.swift in Sources */,
				8C6040412A1D0FF000709D7F /* APIEndpoints.swift in Sources */,
				8C6040482A1D195400709D7F /* CityResponse.swift in Sources */,
				8C2684BF2A1E3F5100572003 /* TriePrefixSearching.swift in Sources */,
				8C60404D2A1DFEF100709D7F /* AppConfiguration.swift in Sources */,
				8C2684CD2A1F838C00572003 /* CitiesListItemViewModel.swift in Sources */,
				8C259A722A1D036F003FC511 /* SceneDelegate.swift in Sources */,
				8C60404A2A1DF8E000709D7F /* ResponseDecoder.swift in Sources */,
				8C2684D02A1F840000572003 /* Observable.swift in Sources */,
				8C2684B92A1E3BF100572003 /* TrieNode.swift in Sources */,
				8C60403F2A1D0DF500709D7F /* NetworkConfigurable.swift in Sources */,
				8C2684CB2A1F831C00572003 /* CitiesListViewModel.swift in Sources */,
			);
			runOnlyForDeploymentPostprocessing = 0;
		};
		8C259A7E2A1D0371003FC511 /* Sources */ = {
			isa = PBXSourcesBuildPhase;
			buildActionMask = 2147483647;
			files = (
				8C259A872A1D0371003FC511 /* BB_taskTests.swift in Sources */,
			);
			runOnlyForDeploymentPostprocessing = 0;
		};
		8C259A882A1D0371003FC511 /* Sources */ = {
			isa = PBXSourcesBuildPhase;
			buildActionMask = 2147483647;
			files = (
				8C259A912A1D0371003FC511 /* BB_taskUITests.swift in Sources */,
				8C259A932A1D0371003FC511 /* BB_taskUITestsLaunchTests.swift in Sources */,
			);
			runOnlyForDeploymentPostprocessing = 0;
		};
/* End PBXSourcesBuildPhase section */

/* Begin PBXTargetDependency section */
		8C259A842A1D0371003FC511 /* PBXTargetDependency */ = {
			isa = PBXTargetDependency;
			target = 8C259A6B2A1D036F003FC511 /* BB-task */;
			targetProxy = 8C259A832A1D0371003FC511 /* PBXContainerItemProxy */;
		};
		8C259A8E2A1D0371003FC511 /* PBXTargetDependency */ = {
			isa = PBXTargetDependency;
			target = 8C259A6B2A1D036F003FC511 /* BB-task */;
			targetProxy = 8C259A8D2A1D0371003FC511 /* PBXContainerItemProxy */;
		};
/* End PBXTargetDependency section */

/* Begin PBXVariantGroup section */
		8C259A752A1D036F003FC511 /* Main.storyboard */ = {
			isa = PBXVariantGroup;
			children = (
				8C259A762A1D036F003FC511 /* Base */,
			);
			name = Main.storyboard;
			sourceTree = "<group>";
		};
		8C259A7A2A1D0371003FC511 /* LaunchScreen.storyboard */ = {
			isa = PBXVariantGroup;
			children = (
				8C259A7B2A1D0371003FC511 /* Base */,
			);
			name = LaunchScreen.storyboard;
			sourceTree = "<group>";
		};
/* End PBXVariantGroup section */

/* Begin XCBuildConfiguration section */
		8C259A942A1D0371003FC511 /* Debug */ = {
			isa = XCBuildConfiguration;
			buildSettings = {
				ALWAYS_SEARCH_USER_PATHS = NO;
				CLANG_ANALYZER_NONNULL = YES;
				CLANG_ANALYZER_NUMBER_OBJECT_CONVERSION = YES_AGGRESSIVE;
				CLANG_CXX_LANGUAGE_STANDARD = "gnu++20";
				CLANG_ENABLE_MODULES = YES;
				CLANG_ENABLE_OBJC_ARC = YES;
				CLANG_ENABLE_OBJC_WEAK = YES;
				CLANG_WARN_BLOCK_CAPTURE_AUTORELEASING = YES;
				CLANG_WARN_BOOL_CONVERSION = YES;
				CLANG_WARN_COMMA = YES;
				CLANG_WARN_CONSTANT_CONVERSION = YES;
				CLANG_WARN_DEPRECATED_OBJC_IMPLEMENTATIONS = YES;
				CLANG_WARN_DIRECT_OBJC_ISA_USAGE = YES_ERROR;
				CLANG_WARN_DOCUMENTATION_COMMENTS = YES;
				CLANG_WARN_EMPTY_BODY = YES;
				CLANG_WARN_ENUM_CONVERSION = YES;
				CLANG_WARN_INFINITE_RECURSION = YES;
				CLANG_WARN_INT_CONVERSION = YES;
				CLANG_WARN_NON_LITERAL_NULL_CONVERSION = YES;
				CLANG_WARN_OBJC_IMPLICIT_RETAIN_SELF = YES;
				CLANG_WARN_OBJC_LITERAL_CONVERSION = YES;
				CLANG_WARN_OBJC_ROOT_CLASS = YES_ERROR;
				CLANG_WARN_QUOTED_INCLUDE_IN_FRAMEWORK_HEADER = YES;
				CLANG_WARN_RANGE_LOOP_ANALYSIS = YES;
				CLANG_WARN_STRICT_PROTOTYPES = YES;
				CLANG_WARN_SUSPICIOUS_MOVE = YES;
				CLANG_WARN_UNGUARDED_AVAILABILITY = YES_AGGRESSIVE;
				CLANG_WARN_UNREACHABLE_CODE = YES;
				CLANG_WARN__DUPLICATE_METHOD_MATCH = YES;
				COPY_PHASE_STRIP = NO;
				DEBUG_INFORMATION_FORMAT = dwarf;
				ENABLE_STRICT_OBJC_MSGSEND = YES;
				ENABLE_TESTABILITY = YES;
				GCC_C_LANGUAGE_STANDARD = gnu11;
				GCC_DYNAMIC_NO_PIC = NO;
				GCC_NO_COMMON_BLOCKS = YES;
				GCC_OPTIMIZATION_LEVEL = 0;
				GCC_PREPROCESSOR_DEFINITIONS = (
					"DEBUG=1",
					"$(inherited)",
				);
				GCC_WARN_64_TO_32_BIT_CONVERSION = YES;
				GCC_WARN_ABOUT_RETURN_TYPE = YES_ERROR;
				GCC_WARN_UNDECLARED_SELECTOR = YES;
				GCC_WARN_UNINITIALIZED_AUTOS = YES_AGGRESSIVE;
				GCC_WARN_UNUSED_FUNCTION = YES;
				GCC_WARN_UNUSED_VARIABLE = YES;
				IPHONEOS_DEPLOYMENT_TARGET = 16.2;
				MTL_ENABLE_DEBUG_INFO = INCLUDE_SOURCE;
				MTL_FAST_MATH = YES;
				ONLY_ACTIVE_ARCH = YES;
				SDKROOT = iphoneos;
				SWIFT_ACTIVE_COMPILATION_CONDITIONS = DEBUG;
				SWIFT_OPTIMIZATION_LEVEL = "-Onone";
			};
			name = Debug;
		};
		8C259A952A1D0371003FC511 /* Release */ = {
			isa = XCBuildConfiguration;
			buildSettings = {
				ALWAYS_SEARCH_USER_PATHS = NO;
				CLANG_ANALYZER_NONNULL = YES;
				CLANG_ANALYZER_NUMBER_OBJECT_CONVERSION = YES_AGGRESSIVE;
				CLANG_CXX_LANGUAGE_STANDARD = "gnu++20";
				CLANG_ENABLE_MODULES = YES;
				CLANG_ENABLE_OBJC_ARC = YES;
				CLANG_ENABLE_OBJC_WEAK = YES;
				CLANG_WARN_BLOCK_CAPTURE_AUTORELEASING = YES;
				CLANG_WARN_BOOL_CONVERSION = YES;
				CLANG_WARN_COMMA = YES;
				CLANG_WARN_CONSTANT_CONVERSION = YES;
				CLANG_WARN_DEPRECATED_OBJC_IMPLEMENTATIONS = YES;
				CLANG_WARN_DIRECT_OBJC_ISA_USAGE = YES_ERROR;
				CLANG_WARN_DOCUMENTATION_COMMENTS = YES;
				CLANG_WARN_EMPTY_BODY = YES;
				CLANG_WARN_ENUM_CONVERSION = YES;
				CLANG_WARN_INFINITE_RECURSION = YES;
				CLANG_WARN_INT_CONVERSION = YES;
				CLANG_WARN_NON_LITERAL_NULL_CONVERSION = YES;
				CLANG_WARN_OBJC_IMPLICIT_RETAIN_SELF = YES;
				CLANG_WARN_OBJC_LITERAL_CONVERSION = YES;
				CLANG_WARN_OBJC_ROOT_CLASS = YES_ERROR;
				CLANG_WARN_QUOTED_INCLUDE_IN_FRAMEWORK_HEADER = YES;
				CLANG_WARN_RANGE_LOOP_ANALYSIS = YES;
				CLANG_WARN_STRICT_PROTOTYPES = YES;
				CLANG_WARN_SUSPICIOUS_MOVE = YES;
				CLANG_WARN_UNGUARDED_AVAILABILITY = YES_AGGRESSIVE;
				CLANG_WARN_UNREACHABLE_CODE = YES;
				CLANG_WARN__DUPLICATE_METHOD_MATCH = YES;
				COPY_PHASE_STRIP = NO;
				DEBUG_INFORMATION_FORMAT = "dwarf-with-dsym";
				ENABLE_NS_ASSERTIONS = NO;
				ENABLE_STRICT_OBJC_MSGSEND = YES;
				GCC_C_LANGUAGE_STANDARD = gnu11;
				GCC_NO_COMMON_BLOCKS = YES;
				GCC_WARN_64_TO_32_BIT_CONVERSION = YES;
				GCC_WARN_ABOUT_RETURN_TYPE = YES_ERROR;
				GCC_WARN_UNDECLARED_SELECTOR = YES;
				GCC_WARN_UNINITIALIZED_AUTOS = YES_AGGRESSIVE;
				GCC_WARN_UNUSED_FUNCTION = YES;
				GCC_WARN_UNUSED_VARIABLE = YES;
				IPHONEOS_DEPLOYMENT_TARGET = 16.2;
				MTL_ENABLE_DEBUG_INFO = NO;
				MTL_FAST_MATH = YES;
				SDKROOT = iphoneos;
				SWIFT_COMPILATION_MODE = wholemodule;
				SWIFT_OPTIMIZATION_LEVEL = "-O";
				VALIDATE_PRODUCT = YES;
			};
			name = Release;
		};
		8C259A972A1D0371003FC511 /* Debug */ = {
			isa = XCBuildConfiguration;
			buildSettings = {
				API_BASE_URL = "https://raw.githubusercontent.com/";
				API_KEY = "PUT THE GITHUB ACCESS TOKEN";
				ASSETCATALOG_COMPILER_APPICON_NAME = AppIcon;
				ASSETCATALOG_COMPILER_GLOBAL_ACCENT_COLOR_NAME = AccentColor;
				CODE_SIGN_STYLE = Automatic;
				CURRENT_PROJECT_VERSION = 1;
				GENERATE_INFOPLIST_FILE = YES;
				INFOPLIST_FILE = "BB-task/Info.plist";
				INFOPLIST_KEY_UIApplicationSupportsIndirectInputEvents = YES;
				INFOPLIST_KEY_UILaunchStoryboardName = LaunchScreen;
				INFOPLIST_KEY_UIMainStoryboardFile = Main;
				INFOPLIST_KEY_UISupportedInterfaceOrientations_iPad = "UIInterfaceOrientationPortrait UIInterfaceOrientationPortraitUpsideDown UIInterfaceOrientationLandscapeLeft UIInterfaceOrientationLandscapeRight";
				INFOPLIST_KEY_UISupportedInterfaceOrientations_iPhone = "UIInterfaceOrientationPortrait UIInterfaceOrientationLandscapeLeft UIInterfaceOrientationLandscapeRight";
				LD_RUNPATH_SEARCH_PATHS = (
					"$(inherited)",
					"@executable_path/Frameworks",
				);
				MARKETING_VERSION = 1.0;
				PRODUCT_BUNDLE_IDENTIFIER = "kostyaaon.BB-task";
				PRODUCT_NAME = "$(TARGET_NAME)";
				SWIFT_EMIT_LOC_STRINGS = YES;
				SWIFT_VERSION = 5.0;
				TARGETED_DEVICE_FAMILY = "1,2";
			};
			name = Debug;
		};
		8C259A982A1D0371003FC511 /* Release */ = {
			isa = XCBuildConfiguration;
			buildSettings = {
				API_BASE_URL = "https://raw.githubusercontent.com/";
				API_KEY = "PUT THE GITHUB ACCESS TOKEN";
				ASSETCATALOG_COMPILER_APPICON_NAME = AppIcon;
				ASSETCATALOG_COMPILER_GLOBAL_ACCENT_COLOR_NAME = AccentColor;
				CODE_SIGN_STYLE = Automatic;
				CURRENT_PROJECT_VERSION = 1;
				GENERATE_INFOPLIST_FILE = YES;
				INFOPLIST_FILE = "BB-task/Info.plist";
				INFOPLIST_KEY_UIApplicationSupportsIndirectInputEvents = YES;
				INFOPLIST_KEY_UILaunchStoryboardName = LaunchScreen;
				INFOPLIST_KEY_UIMainStoryboardFile = Main;
				INFOPLIST_KEY_UISupportedInterfaceOrientations_iPad = "UIInterfaceOrientationPortrait UIInterfaceOrientationPortraitUpsideDown UIInterfaceOrientationLandscapeLeft UIInterfaceOrientationLandscapeRight";
				INFOPLIST_KEY_UISupportedInterfaceOrientations_iPhone = "UIInterfaceOrientationPortrait UIInterfaceOrientationLandscapeLeft UIInterfaceOrientationLandscapeRight";
				LD_RUNPATH_SEARCH_PATHS = (
					"$(inherited)",
					"@executable_path/Frameworks",
				);
				MARKETING_VERSION = 1.0;
				PRODUCT_BUNDLE_IDENTIFIER = "kostyaaon.BB-task";
				PRODUCT_NAME = "$(TARGET_NAME)";
				SWIFT_EMIT_LOC_STRINGS = YES;
				SWIFT_VERSION = 5.0;
				TARGETED_DEVICE_FAMILY = "1,2";
			};
			name = Release;
		};
		8C259A9A2A1D0371003FC511 /* Debug */ = {
			isa = XCBuildConfiguration;
			buildSettings = {
				ALWAYS_EMBED_SWIFT_STANDARD_LIBRARIES = YES;
				BUNDLE_LOADER = "$(TEST_HOST)";
				CODE_SIGN_STYLE = Automatic;
				CURRENT_PROJECT_VERSION = 1;
				GENERATE_INFOPLIST_FILE = YES;
				IPHONEOS_DEPLOYMENT_TARGET = 16.2;
				MARKETING_VERSION = 1.0;
				PRODUCT_BUNDLE_IDENTIFIER = "kostyaaon.BB-taskTests";
				PRODUCT_NAME = "$(TARGET_NAME)";
				SWIFT_EMIT_LOC_STRINGS = NO;
				SWIFT_VERSION = 5.0;
				TARGETED_DEVICE_FAMILY = "1,2";
				TEST_HOST = "$(BUILT_PRODUCTS_DIR)/BB-task.app/$(BUNDLE_EXECUTABLE_FOLDER_PATH)/BB-task";
			};
			name = Debug;
		};
		8C259A9B2A1D0371003FC511 /* Release */ = {
			isa = XCBuildConfiguration;
			buildSettings = {
				ALWAYS_EMBED_SWIFT_STANDARD_LIBRARIES = YES;
				BUNDLE_LOADER = "$(TEST_HOST)";
				CODE_SIGN_STYLE = Automatic;
				CURRENT_PROJECT_VERSION = 1;
				GENERATE_INFOPLIST_FILE = YES;
				IPHONEOS_DEPLOYMENT_TARGET = 16.2;
				MARKETING_VERSION = 1.0;
				PRODUCT_BUNDLE_IDENTIFIER = "kostyaaon.BB-taskTests";
				PRODUCT_NAME = "$(TARGET_NAME)";
				SWIFT_EMIT_LOC_STRINGS = NO;
				SWIFT_VERSION = 5.0;
				TARGETED_DEVICE_FAMILY = "1,2";
				TEST_HOST = "$(BUILT_PRODUCTS_DIR)/BB-task.app/$(BUNDLE_EXECUTABLE_FOLDER_PATH)/BB-task";
			};
			name = Release;
		};
		8C259A9D2A1D0371003FC511 /* Debug */ = {
			isa = XCBuildConfiguration;
			buildSettings = {
				ALWAYS_EMBED_SWIFT_STANDARD_LIBRARIES = YES;
				CODE_SIGN_STYLE = Automatic;
				CURRENT_PROJECT_VERSION = 1;
				GENERATE_INFOPLIST_FILE = YES;
				MARKETING_VERSION = 1.0;
				PRODUCT_BUNDLE_IDENTIFIER = "kostyaaon.BB-taskUITests";
				PRODUCT_NAME = "$(TARGET_NAME)";
				SWIFT_EMIT_LOC_STRINGS = NO;
				SWIFT_VERSION = 5.0;
				TARGETED_DEVICE_FAMILY = "1,2";
				TEST_TARGET_NAME = "BB-task";
			};
			name = Debug;
		};
		8C259A9E2A1D0371003FC511 /* Release */ = {
			isa = XCBuildConfiguration;
			buildSettings = {
				ALWAYS_EMBED_SWIFT_STANDARD_LIBRARIES = YES;
				CODE_SIGN_STYLE = Automatic;
				CURRENT_PROJECT_VERSION = 1;
				GENERATE_INFOPLIST_FILE = YES;
				MARKETING_VERSION = 1.0;
				PRODUCT_BUNDLE_IDENTIFIER = "kostyaaon.BB-taskUITests";
				PRODUCT_NAME = "$(TARGET_NAME)";
				SWIFT_EMIT_LOC_STRINGS = NO;
				SWIFT_VERSION = 5.0;
				TARGETED_DEVICE_FAMILY = "1,2";
				TEST_TARGET_NAME = "BB-task";
			};
			name = Release;
		};
/* End XCBuildConfiguration section */

/* Begin XCConfigurationList section */
		8C259A672A1D036F003FC511 /* Build configuration list for PBXProject "BB-task" */ = {
			isa = XCConfigurationList;
			buildConfigurations = (
				8C259A942A1D0371003FC511 /* Debug */,
				8C259A952A1D0371003FC511 /* Release */,
			);
			defaultConfigurationIsVisible = 0;
			defaultConfigurationName = Release;
		};
		8C259A962A1D0371003FC511 /* Build configuration list for PBXNativeTarget "BB-task" */ = {
			isa = XCConfigurationList;
			buildConfigurations = (
				8C259A972A1D0371003FC511 /* Debug */,
				8C259A982A1D0371003FC511 /* Release */,
			);
			defaultConfigurationIsVisible = 0;
			defaultConfigurationName = Release;
		};
		8C259A992A1D0371003FC511 /* Build configuration list for PBXNativeTarget "BB-taskTests" */ = {
			isa = XCConfigurationList;
			buildConfigurations = (
				8C259A9A2A1D0371003FC511 /* Debug */,
				8C259A9B2A1D0371003FC511 /* Release */,
			);
			defaultConfigurationIsVisible = 0;
			defaultConfigurationName = Release;
		};
		8C259A9C2A1D0371003FC511 /* Build configuration list for PBXNativeTarget "BB-taskUITests" */ = {
			isa = XCConfigurationList;
			buildConfigurations = (
				8C259A9D2A1D0371003FC511 /* Debug */,
				8C259A9E2A1D0371003FC511 /* Release */,
			);
			defaultConfigurationIsVisible = 0;
			defaultConfigurationName = Release;
		};
/* End XCConfigurationList section */
	};
	rootObject = 8C259A642A1D036F003FC511 /* Project object */;
}
